
Microsoft Visual Studio Solution File, Format Version 12.00
# Visual Studio Version 16
VisualStudioVersion = 16.0.29926.136
MinimumVisualStudioVersion = 10.0.40219.1
Project("{FAE04EC0-301F-11D3-BF4B-00C04F79EFBC}") = "SampleSDK", "SampleSDK\SampleSDK.csproj", "{F7172E45-3BCF-4EC9-8B42-3DC85BA50391}"
EndProject
Project("{FAE04EC0-301F-11D3-BF4B-00C04F79EFBC}") = "SampleSDK.Tests", "SampleSDK.Tests\SampleSDK.Tests.csproj", "{A0DBD627-4D7B-4C56-94E6-048C2932653E}"
EndProject
Global
	GlobalSection(SolutionConfigurationPlatforms) = preSolution
		Debug|Any CPU = Debug|Any CPU
		Release|Any CPU = Release|Any CPU
	EndGlobalSection
	GlobalSection(ProjectConfigurationPlatforms) = postSolution
		{F7172E45-3BCF-4EC9-8B42-3DC85BA50391}.Debug|Any CPU.ActiveCfg = Debug|Any CPU
		{F7172E45-3BCF-4EC9-8B42-3DC85BA50391}.Debug|Any CPU.Build.0 = Debug|Any CPU
		{F7172E45-3BCF-4EC9-8B42-3DC85BA50391}.Release|Any CPU.ActiveCfg = Release|Any CPU
		{F7172E45-3BCF-4EC9-8B42-3DC85BA50391}.Release|Any CPU.Build.0 = Release|Any CPU
		{A0DBD627-4D7B-4C56-94E6-048C2932653E}.Debug|Any CPU.ActiveCfg = Debug|Any CPU
		{A0DBD627-4D7B-4C56-94E6-048C2932653E}.Debug|Any CPU.Build.0 = Debug|Any CPU
		{A0DBD627-4D7B-4C56-94E6-048C2932653E}.Release|Any CPU.ActiveCfg = Release|Any CPU
		{A0DBD627-4D7B-4C56-94E6-048C2932653E}.Release|Any CPU.Build.0 = Release|Any CPU
	EndGlobalSection
	GlobalSection(SolutionProperties) = preSolution
		HideSolutionNode = FALSE
	EndGlobalSection
	GlobalSection(ExtensibilityGlobals) = postSolution
		SolutionGuid = {EE674A24-CD08-4CF4-99ED-7423BF4E234F}
	EndGlobalSection
EndGlobal
